// !$*UTF8*$!
{
	archiveVersion = 1;
	classes = {
	};
	objectVersion = 46;
	objects = {

/* Begin PBXBuildFile section */
		5A161DD91E92DB3E0042ACAA /* UserData.swift in Sources */ = {isa = PBXBuildFile; fileRef = 5A161DD81E92DB3E0042ACAA /* UserData.swift */; };
		5A161DDB1E92E1290042ACAA /* DataProtocol.swift in Sources */ = {isa = PBXBuildFile; fileRef = 5A161DDA1E92E1290042ACAA /* DataProtocol.swift */; };
		5A161DDD1E92E4890042ACAA /* FileDataStore.swift in Sources */ = {isa = PBXBuildFile; fileRef = 5A161DDC1E92E4890042ACAA /* FileDataStore.swift */; };
		5A39BEFF1E9D545600324BAC /* Communicator.swift in Sources */ = {isa = PBXBuildFile; fileRef = 5A39BEFE1E9D545600324BAC /* Communicator.swift */; };
		5A39BF021E9D54B300324BAC /* MultipeerCommunicator.swift in Sources */ = {isa = PBXBuildFile; fileRef = 5A39BF011E9D54B300324BAC /* MultipeerCommunicator.swift */; };
		5A39BF041E9D58F600324BAC /* CommunicatorDelegate.swift in Sources */ = {isa = PBXBuildFile; fileRef = 5A39BF031E9D58F600324BAC /* CommunicatorDelegate.swift */; };
		5A39BF061E9D688100324BAC /* CommunicatorManager.swift in Sources */ = {isa = PBXBuildFile; fileRef = 5A39BF051E9D688100324BAC /* CommunicatorManager.swift */; };
		5A3A0D591EACD3CB00806521 /* Message.swift in Sources */ = {isa = PBXBuildFile; fileRef = 5A3A0D581EACD3CB00806521 /* Message.swift */; };
		5A3A0D5B1EACD4E600806521 /* MessageHelper.swift in Sources */ = {isa = PBXBuildFile; fileRef = 5A3A0D5A1EACD4E600806521 /* MessageHelper.swift */; };
		5A3A0D5D1EAD430C00806521 /* FriendMessage.swift in Sources */ = {isa = PBXBuildFile; fileRef = 5A3A0D5C1EAD430C00806521 /* FriendMessage.swift */; };
		5A3A0D5F1EAD431F00806521 /* UserMessage.swift in Sources */ = {isa = PBXBuildFile; fileRef = 5A3A0D5E1EAD431F00806521 /* UserMessage.swift */; };
		5A4492901EB722BA00738BC2 /* CoreDataStack.swift in Sources */ = {isa = PBXBuildFile; fileRef = 5A44928F1EB722BA00738BC2 /* CoreDataStack.swift */; };
		5A49BF061E6D6A91004DA414 /* AppDelegate.swift in Sources */ = {isa = PBXBuildFile; fileRef = 5A49BF051E6D6A91004DA414 /* AppDelegate.swift */; };
		5A49BF081E6D6A91004DA414 /* ProfileViewController.swift in Sources */ = {isa = PBXBuildFile; fileRef = 5A49BF071E6D6A91004DA414 /* ProfileViewController.swift */; };
		5A49BF0B1E6D6A91004DA414 /* Main.storyboard in Resources */ = {isa = PBXBuildFile; fileRef = 5A49BF091E6D6A91004DA414 /* Main.storyboard */; };
		5A49BF0D1E6D6A91004DA414 /* Assets.xcassets in Resources */ = {isa = PBXBuildFile; fileRef = 5A49BF0C1E6D6A91004DA414 /* Assets.xcassets */; };
		5A49BF101E6D6A91004DA414 /* LaunchScreen.storyboard in Resources */ = {isa = PBXBuildFile; fileRef = 5A49BF0E1E6D6A91004DA414 /* LaunchScreen.storyboard */; };
		5A79ADFE1EB87A0200713D94 /* Model.xcdatamodeld in Sources */ = {isa = PBXBuildFile; fileRef = 5A79ADFC1EB87A0200713D94 /* Model.xcdatamodeld */; };
		5A79AE041EB87E1B00713D94 /* ServiceAssembly.swift in Sources */ = {isa = PBXBuildFile; fileRef = 5A79AE031EB87E1B00713D94 /* ServiceAssembly.swift */; };
		5A82E8841E8AF56D002852FC /* CompanionCell.swift in Sources */ = {isa = PBXBuildFile; fileRef = 5A82E8831E8AF56D002852FC /* CompanionCell.swift */; };
		5AB2D9531E865F1B003C0939 /* ConversationViewController.swift in Sources */ = {isa = PBXBuildFile; fileRef = 5AB2D9521E865F1B003C0939 /* ConversationViewController.swift */; };
		5AB2D9551E865F77003C0939 /* ConversationsListViewController.swift in Sources */ = {isa = PBXBuildFile; fileRef = 5AB2D9541E865F77003C0939 /* ConversationsListViewController.swift */; };
/* End PBXBuildFile section */

/* Begin PBXFileReference section */
		5A161DD81E92DB3E0042ACAA /* UserData.swift */ = {isa = PBXFileReference; fileEncoding = 4; lastKnownFileType = sourcecode.swift; path = UserData.swift; sourceTree = "<group>"; };
		5A161DDA1E92E1290042ACAA /* DataProtocol.swift */ = {isa = PBXFileReference; fileEncoding = 4; lastKnownFileType = sourcecode.swift; path = DataProtocol.swift; sourceTree = "<group>"; };
		5A161DDC1E92E4890042ACAA /* FileDataStore.swift */ = {isa = PBXFileReference; fileEncoding = 4; lastKnownFileType = sourcecode.swift; path = FileDataStore.swift; sourceTree = "<group>"; };
		5A39BEFE1E9D545600324BAC /* Communicator.swift */ = {isa = PBXFileReference; fileEncoding = 4; lastKnownFileType = sourcecode.swift; path = Communicator.swift; sourceTree = "<group>"; };
		5A39BF011E9D54B300324BAC /* MultipeerCommunicator.swift */ = {isa = PBXFileReference; fileEncoding = 4; lastKnownFileType = sourcecode.swift; path = MultipeerCommunicator.swift; sourceTree = "<group>"; };
		5A39BF031E9D58F600324BAC /* CommunicatorDelegate.swift */ = {isa = PBXFileReference; fileEncoding = 4; lastKnownFileType = sourcecode.swift; path = CommunicatorDelegate.swift; sourceTree = "<group>"; };
		5A39BF051E9D688100324BAC /* CommunicatorManager.swift */ = {isa = PBXFileReference; fileEncoding = 4; lastKnownFileType = sourcecode.swift; path = CommunicatorManager.swift; sourceTree = "<group>"; };
		5A3A0D581EACD3CB00806521 /* Message.swift */ = {isa = PBXFileReference; fileEncoding = 4; lastKnownFileType = sourcecode.swift; path = Message.swift; sourceTree = "<group>"; };
		5A3A0D5A1EACD4E600806521 /* MessageHelper.swift */ = {isa = PBXFileReference; fileEncoding = 4; lastKnownFileType = sourcecode.swift; path = MessageHelper.swift; sourceTree = "<group>"; };
		5A3A0D5C1EAD430C00806521 /* FriendMessage.swift */ = {isa = PBXFileReference; fileEncoding = 4; lastKnownFileType = sourcecode.swift; path = FriendMessage.swift; sourceTree = "<group>"; };
		5A3A0D5E1EAD431F00806521 /* UserMessage.swift */ = {isa = PBXFileReference; fileEncoding = 4; lastKnownFileType = sourcecode.swift; path = UserMessage.swift; sourceTree = "<group>"; };
		5A44928F1EB722BA00738BC2 /* CoreDataStack.swift */ = {isa = PBXFileReference; fileEncoding = 4; lastKnownFileType = sourcecode.swift; path = CoreDataStack.swift; sourceTree = "<group>"; };
		5A49BF021E6D6A91004DA414 /* TinkoffChat.app */ = {isa = PBXFileReference; explicitFileType = wrapper.application; includeInIndex = 0; path = TinkoffChat.app; sourceTree = BUILT_PRODUCTS_DIR; };
		5A49BF051E6D6A91004DA414 /* AppDelegate.swift */ = {isa = PBXFileReference; lastKnownFileType = sourcecode.swift; path = AppDelegate.swift; sourceTree = "<group>"; };
		5A49BF071E6D6A91004DA414 /* ProfileViewController.swift */ = {isa = PBXFileReference; lastKnownFileType = sourcecode.swift; path = ProfileViewController.swift; sourceTree = "<group>"; };
		5A49BF0A1E6D6A91004DA414 /* Base */ = {isa = PBXFileReference; lastKnownFileType = file.storyboard; name = Base; path = Base.lproj/Main.storyboard; sourceTree = "<group>"; };
		5A49BF0C1E6D6A91004DA414 /* Assets.xcassets */ = {isa = PBXFileReference; lastKnownFileType = folder.assetcatalog; name = Assets.xcassets; path = ../Assets.xcassets; sourceTree = "<group>"; };
		5A49BF0F1E6D6A91004DA414 /* Base */ = {isa = PBXFileReference; lastKnownFileType = file.storyboard; name = Base; path = Base.lproj/LaunchScreen.storyboard; sourceTree = "<group>"; };
		5A49BF111E6D6A91004DA414 /* Info.plist */ = {isa = PBXFileReference; lastKnownFileType = text.plist.xml; path = Info.plist; sourceTree = "<group>"; };
		5A79ADFD1EB87A0200713D94 /* Model.xcdatamodel */ = {isa = PBXFileReference; lastKnownFileType = wrapper.xcdatamodel; path = Model.xcdatamodel; sourceTree = "<group>"; };
		5A79AE031EB87E1B00713D94 /* ServiceAssembly.swift */ = {isa = PBXFileReference; fileEncoding = 4; lastKnownFileType = sourcecode.swift; path = ServiceAssembly.swift; sourceTree = "<group>"; };
		5A82E8831E8AF56D002852FC /* CompanionCell.swift */ = {isa = PBXFileReference; fileEncoding = 4; lastKnownFileType = sourcecode.swift; path = CompanionCell.swift; sourceTree = "<group>"; };
		5AB2D9521E865F1B003C0939 /* ConversationViewController.swift */ = {isa = PBXFileReference; fileEncoding = 4; lastKnownFileType = sourcecode.swift; path = ConversationViewController.swift; sourceTree = "<group>"; };
		5AB2D9541E865F77003C0939 /* ConversationsListViewController.swift */ = {isa = PBXFileReference; fileEncoding = 4; lastKnownFileType = sourcecode.swift; path = ConversationsListViewController.swift; sourceTree = "<group>"; };
/* End PBXFileReference section */

/* Begin PBXFrameworksBuildPhase section */
		5A49BEFF1E6D6A91004DA414 /* Frameworks */ = {
			isa = PBXFrameworksBuildPhase;
			buildActionMask = 2147483647;
			files = (
			);
			runOnlyForDeploymentPostprocessing = 0;
		};
/* End PBXFrameworksBuildPhase section */

/* Begin PBXGroup section */
		5A161DD71E92D8B50042ACAA /* DataManager */ = {
			isa = PBXGroup;
			children = (
				5A161DDC1E92E4890042ACAA /* FileDataStore.swift */,
				5A161DD81E92DB3E0042ACAA /* UserData.swift */,
			);
			path = DataManager;
			sourceTree = "<group>";
		};
		5A161DDE1E9406C90042ACAA /* Conversation */ = {
			isa = PBXGroup;
			children = (
				5A82E8831E8AF56D002852FC /* CompanionCell.swift */,
				5AB2D9521E865F1B003C0939 /* ConversationViewController.swift */,
				5A3A0D5A1EACD4E600806521 /* MessageHelper.swift */,
			);
			path = Conversation;
			sourceTree = "<group>";
		};
		5A161DDF1E9407180042ACAA /* Storybords */ = {
			isa = PBXGroup;
			children = (
				5A49BF0E1E6D6A91004DA414 /* LaunchScreen.storyboard */,
				5A49BF091E6D6A91004DA414 /* Main.storyboard */,
				5A44928F1EB722BA00738BC2 /* CoreDataStack.swift */,
			);
			path = Storybords;
			sourceTree = "<group>";
		};
		5A39BF001E9D546000324BAC /* Communication */ = {
			isa = PBXGroup;
			children = (
				5A39BEFE1E9D545600324BAC /* Communicator.swift */,
				5A39BF031E9D58F600324BAC /* CommunicatorDelegate.swift */,
				5A39BF051E9D688100324BAC /* CommunicatorManager.swift */,
				5A39BF011E9D54B300324BAC /* MultipeerCommunicator.swift */,
			);
			path = Communication;
			sourceTree = "<group>";
		};
		5A3A0D521EACB81F00806521 /* Presentation Layer */ = {
			isa = PBXGroup;
			children = (
				5A161DDE1E9406C90042ACAA /* Conversation */,
				5A3A0D571EACB97B00806521 /* ConversationsList */,
				5A3A0D551EACB93300806521 /* Profile */,
			);
			path = "Presentation Layer";
			sourceTree = "<group>";
		};
		5A3A0D531EACB85000806521 /* Service Layer */ = {
			isa = PBXGroup;
			children = (
				5A39BF001E9D546000324BAC /* Communication */,
				5A3A0D601EAD45CF00806521 /* DataManager */,
			);
			path = "Service Layer";
			sourceTree = "<group>";
		};
		5A3A0D541EACB86300806521 /* Core Layer */ = {
			isa = PBXGroup;
			children = (
				5A49BF0C1E6D6A91004DA414 /* Assets.xcassets */,
				5A161DD71E92D8B50042ACAA /* DataManager */,
				5A3A0D581EACD3CB00806521 /* Message.swift */,
			);
			path = "Core Layer";
			sourceTree = "<group>";
		};
		5A3A0D551EACB93300806521 /* Profile */ = {
			isa = PBXGroup;
			children = (
				5A49BF071E6D6A91004DA414 /* ProfileViewController.swift */,
			);
			path = Profile;
			sourceTree = "<group>";
		};
		5A3A0D571EACB97B00806521 /* ConversationsList */ = {
			isa = PBXGroup;
			children = (
				5AB2D9541E865F77003C0939 /* ConversationsListViewController.swift */,
				5A3A0D5C1EAD430C00806521 /* FriendMessage.swift */,
				5A3A0D5E1EAD431F00806521 /* UserMessage.swift */,
			);
			path = ConversationsList;
			sourceTree = "<group>";
		};
		5A3A0D601EAD45CF00806521 /* DataManager */ = {
			isa = PBXGroup;
			children = (
				5A161DDA1E92E1290042ACAA /* DataProtocol.swift */,
			);
			path = DataManager;
			sourceTree = "<group>";
		};
		5A49BEF91E6D6A91004DA414 = {
			isa = PBXGroup;
			children = (
				5A79AE031EB87E1B00713D94 /* ServiceAssembly.swift */,
				5A79ADFC1EB87A0200713D94 /* Model.xcdatamodeld */,
				5A49BF031E6D6A91004DA414 /* Products */,
				5A49BF041E6D6A91004DA414 /* TinkoffChat */,
			);
			sourceTree = "<group>";
		};
		5A49BF031E6D6A91004DA414 /* Products */ = {
			isa = PBXGroup;
			children = (
				5A49BF021E6D6A91004DA414 /* TinkoffChat.app */,
			);
			name = Products;
			sourceTree = "<group>";
		};
		5A49BF041E6D6A91004DA414 /* TinkoffChat */ = {
			isa = PBXGroup;
			children = (
				5A49BF051E6D6A91004DA414 /* AppDelegate.swift */,
				5A3A0D541EACB86300806521 /* Core Layer */,
				5A3A0D521EACB81F00806521 /* Presentation Layer */,
				5A3A0D531EACB85000806521 /* Service Layer */,
				5A161DDF1E9407180042ACAA /* Storybords */,
				5A49BF111E6D6A91004DA414 /* Info.plist */,
			);
			path = TinkoffChat;
			sourceTree = "<group>";
		};
/* End PBXGroup section */

/* Begin PBXNativeTarget section */
		5A49BF011E6D6A91004DA414 /* TinkoffChat */ = {
			isa = PBXNativeTarget;
			buildConfigurationList = 5A49BF141E6D6A91004DA414 /* Build configuration list for PBXNativeTarget "TinkoffChat" */;
			buildPhases = (
				5A49BEFE1E6D6A91004DA414 /* Sources */,
				5A49BEFF1E6D6A91004DA414 /* Frameworks */,
				5A49BF001E6D6A91004DA414 /* Resources */,
			);
			buildRules = (
			);
			dependencies = (
			);
			name = TinkoffChat;
			productName = TinkoffChat;
			productReference = 5A49BF021E6D6A91004DA414 /* TinkoffChat.app */;
			productType = "com.apple.product-type.application";
		};
/* End PBXNativeTarget section */

/* Begin PBXProject section */
		5A49BEFA1E6D6A91004DA414 /* Project object */ = {
			isa = PBXProject;
			attributes = {
				LastSwiftUpdateCheck = 0820;
				LastUpgradeCheck = 0820;
				ORGANIZATIONNAME = "Yaan Prokofiev";
				TargetAttributes = {
					5A49BF011E6D6A91004DA414 = {
						CreatedOnToolsVersion = 8.2.1;
						DevelopmentTeam = G6NPN9SLZM;
						ProvisioningStyle = Automatic;
					};
				};
			};
			buildConfigurationList = 5A49BEFD1E6D6A91004DA414 /* Build configuration list for PBXProject "TinkoffChat" */;
			compatibilityVersion = "Xcode 3.2";
			developmentRegion = English;
			hasScannedForEncodings = 0;
			knownRegions = (
				en,
				Base,
			);
			mainGroup = 5A49BEF91E6D6A91004DA414;
			productRefGroup = 5A49BF031E6D6A91004DA414 /* Products */;
			projectDirPath = "";
			projectRoot = "";
			targets = (
				5A49BF011E6D6A91004DA414 /* TinkoffChat */,
			);
		};
/* End PBXProject section */

/* Begin PBXResourcesBuildPhase section */
		5A49BF001E6D6A91004DA414 /* Resources */ = {
			isa = PBXResourcesBuildPhase;
			buildActionMask = 2147483647;
			files = (
				5A49BF101E6D6A91004DA414 /* LaunchScreen.storyboard in Resources */,
				5A49BF0D1E6D6A91004DA414 /* Assets.xcassets in Resources */,
				5A49BF0B1E6D6A91004DA414 /* Main.storyboard in Resources */,
			);
			runOnlyForDeploymentPostprocessing = 0;
		};
/* End PBXResourcesBuildPhase section */

/* Begin PBXSourcesBuildPhase section */
		5A49BEFE1E6D6A91004DA414 /* Sources */ = {
			isa = PBXSourcesBuildPhase;
			buildActionMask = 2147483647;
			files = (
				5A161DDD1E92E4890042ACAA /* FileDataStore.swift in Sources */,
				5A49BF081E6D6A91004DA414 /* ProfileViewController.swift in Sources */,
				5A161DDB1E92E1290042ACAA /* DataProtocol.swift in Sources */,
				5A3A0D5F1EAD431F00806521 /* UserMessage.swift in Sources */,
				5A3A0D5D1EAD430C00806521 /* FriendMessage.swift in Sources */,
				5A79ADFE1EB87A0200713D94 /* Model.xcdatamodeld in Sources */,
				5A3A0D5B1EACD4E600806521 /* MessageHelper.swift in Sources */,
				5A39BEFF1E9D545600324BAC /* Communicator.swift in Sources */,
				5AB2D9551E865F77003C0939 /* ConversationsListViewController.swift in Sources */,
				5A39BF021E9D54B300324BAC /* MultipeerCommunicator.swift in Sources */,
				5A79AE041EB87E1B00713D94 /* ServiceAssembly.swift in Sources */,
				5A49BF061E6D6A91004DA414 /* AppDelegate.swift in Sources */,
				5A39BF061E9D688100324BAC /* CommunicatorManager.swift in Sources */,
				5A82E8841E8AF56D002852FC /* CompanionCell.swift in Sources */,
				5A4492901EB722BA00738BC2 /* CoreDataStack.swift in Sources */,
				5A161DD91E92DB3E0042ACAA /* UserData.swift in Sources */,
				5A3A0D591EACD3CB00806521 /* Message.swift in Sources */,
				5AB2D9531E865F1B003C0939 /* ConversationViewController.swift in Sources */,
				5A39BF041E9D58F600324BAC /* CommunicatorDelegate.swift in Sources */,
			);
			runOnlyForDeploymentPostprocessing = 0;
		};
/* End PBXSourcesBuildPhase section */

/* Begin PBXVariantGroup section */
		5A49BF091E6D6A91004DA414 /* Main.storyboard */ = {
			isa = PBXVariantGroup;
			children = (
				5A49BF0A1E6D6A91004DA414 /* Base */,
			);
			name = Main.storyboard;
			path = .;
			sourceTree = "<group>";
		};
		5A49BF0E1E6D6A91004DA414 /* LaunchScreen.storyboard */ = {
			isa = PBXVariantGroup;
			children = (
				5A49BF0F1E6D6A91004DA414 /* Base */,
			);
			name = LaunchScreen.storyboard;
			path = .;
			sourceTree = "<group>";
		};
/* End PBXVariantGroup section */

/* Begin XCBuildConfiguration section */
		5A49BF121E6D6A91004DA414 /* Debug */ = {
			isa = XCBuildConfiguration;
			buildSettings = {
				ALWAYS_SEARCH_USER_PATHS = NO;
				CLANG_ANALYZER_NONNULL = YES;
				CLANG_CXX_LANGUAGE_STANDARD = "gnu++0x";
				CLANG_CXX_LIBRARY = "libc++";
				CLANG_ENABLE_MODULES = YES;
				CLANG_ENABLE_OBJC_ARC = YES;
				CLANG_WARN_BOOL_CONVERSION = YES;
				CLANG_WARN_CONSTANT_CONVERSION = YES;
				CLANG_WARN_DIRECT_OBJC_ISA_USAGE = YES_ERROR;
				CLANG_WARN_DOCUMENTATION_COMMENTS = YES;
				CLANG_WARN_EMPTY_BODY = YES;
				CLANG_WARN_ENUM_CONVERSION = YES;
				CLANG_WARN_INFINITE_RECURSION = YES;
				CLANG_WARN_INT_CONVERSION = YES;
				CLANG_WARN_OBJC_ROOT_CLASS = YES_ERROR;
				CLANG_WARN_SUSPICIOUS_MOVE = YES;
				CLANG_WARN_UNREACHABLE_CODE = YES;
				CLANG_WARN__DUPLICATE_METHOD_MATCH = YES;
				"CODE_SIGN_IDENTITY[sdk=iphoneos*]" = "iPhone Developer";
				COPY_PHASE_STRIP = NO;
				DEBUG_INFORMATION_FORMAT = dwarf;
				ENABLE_STRICT_OBJC_MSGSEND = YES;
				ENABLE_TESTABILITY = YES;
				GCC_C_LANGUAGE_STANDARD = gnu99;
				GCC_DYNAMIC_NO_PIC = NO;
				GCC_NO_COMMON_BLOCKS = YES;
				GCC_OPTIMIZATION_LEVEL = 0;
				GCC_PREPROCESSOR_DEFINITIONS = (
					"DEBUG=1",
					"$(inherited)",
				);
				GCC_WARN_64_TO_32_BIT_CONVERSION = YES;
				GCC_WARN_ABOUT_RETURN_TYPE = YES_ERROR;
				GCC_WARN_UNDECLARED_SELECTOR = YES;
				GCC_WARN_UNINITIALIZED_AUTOS = YES_AGGRESSIVE;
				GCC_WARN_UNUSED_FUNCTION = YES;
				GCC_WARN_UNUSED_VARIABLE = YES;
				IPHONEOS_DEPLOYMENT_TARGET = 10.2;
				MTL_ENABLE_DEBUG_INFO = YES;
				ONLY_ACTIVE_ARCH = YES;
				SDKROOT = iphoneos;
				SWIFT_ACTIVE_COMPILATION_CONDITIONS = DEBUG;
				SWIFT_OPTIMIZATION_LEVEL = "-Onone";
			};
			name = Debug;
		};
		5A49BF131E6D6A91004DA414 /* Release */ = {
			isa = XCBuildConfiguration;
			buildSettings = {
				ALWAYS_SEARCH_USER_PATHS = NO;
				CLANG_ANALYZER_NONNULL = YES;
				CLANG_CXX_LANGUAGE_STANDARD = "gnu++0x";
				CLANG_CXX_LIBRARY = "libc++";
				CLANG_ENABLE_MODULES = YES;
				CLANG_ENABLE_OBJC_ARC = YES;
				CLANG_WARN_BOOL_CONVERSION = YES;
				CLANG_WARN_CONSTANT_CONVERSION = YES;
				CLANG_WARN_DIRECT_OBJC_ISA_USAGE = YES_ERROR;
				CLANG_WARN_DOCUMENTATION_COMMENTS = YES;
				CLANG_WARN_EMPTY_BODY = YES;
				CLANG_WARN_ENUM_CONVERSION = YES;
				CLANG_WARN_INFINITE_RECURSION = YES;
				CLANG_WARN_INT_CONVERSION = YES;
				CLANG_WARN_OBJC_ROOT_CLASS = YES_ERROR;
				CLANG_WARN_SUSPICIOUS_MOVE = YES;
				CLANG_WARN_UNREACHABLE_CODE = YES;
				CLANG_WARN__DUPLICATE_METHOD_MATCH = YES;
				"CODE_SIGN_IDENTITY[sdk=iphoneos*]" = "iPhone Developer";
				COPY_PHASE_STRIP = NO;
				DEBUG_INFORMATION_FORMAT = "dwarf-with-dsym";
				ENABLE_NS_ASSERTIONS = NO;
				ENABLE_STRICT_OBJC_MSGSEND = YES;
				GCC_C_LANGUAGE_STANDARD = gnu99;
				GCC_NO_COMMON_BLOCKS = YES;
				GCC_WARN_64_TO_32_BIT_CONVERSION = YES;
				GCC_WARN_ABOUT_RETURN_TYPE = YES_ERROR;
				GCC_WARN_UNDECLARED_SELECTOR = YES;
				GCC_WARN_UNINITIALIZED_AUTOS = YES_AGGRESSIVE;
				GCC_WARN_UNUSED_FUNCTION = YES;
				GCC_WARN_UNUSED_VARIABLE = YES;
				IPHONEOS_DEPLOYMENT_TARGET = 10.2;
				MTL_ENABLE_DEBUG_INFO = NO;
				SDKROOT = iphoneos;
				SWIFT_OPTIMIZATION_LEVEL = "-Owholemodule";
				VALIDATE_PRODUCT = YES;
			};
			name = Release;
		};
		5A49BF151E6D6A91004DA414 /* Debug */ = {
			isa = XCBuildConfiguration;
			buildSettings = {
				ASSETCATALOG_COMPILER_APPICON_NAME = AppIcon;
				DEVELOPMENT_TEAM = G6NPN9SLZM;
				INFOPLIST_FILE = TinkoffChat/Info.plist;
				LD_RUNPATH_SEARCH_PATHS = "$(inherited) @executable_path/Frameworks";
				PRODUCT_BUNDLE_IDENTIFIER = "Yaan-Prokofiev.TinkoffChat";
				PRODUCT_NAME = "$(TARGET_NAME)";
				SWIFT_VERSION = 3.0;
			};
			name = Debug;
		};
		5A49BF161E6D6A91004DA414 /* Release */ = {
			isa = XCBuildConfiguration;
			buildSettings = {
				ASSETCATALOG_COMPILER_APPICON_NAME = AppIcon;
				DEVELOPMENT_TEAM = G6NPN9SLZM;
				INFOPLIST_FILE = TinkoffChat/Info.plist;
				LD_RUNPATH_SEARCH_PATHS = "$(inherited) @executable_path/Frameworks";
				PRODUCT_BUNDLE_IDENTIFIER = "Yaan-Prokofiev.TinkoffChat";
				PRODUCT_NAME = "$(TARGET_NAME)";
				SWIFT_VERSION = 3.0;
			};
			name = Release;
		};
/* End XCBuildConfiguration section */

/* Begin XCConfigurationList section */
		5A49BEFD1E6D6A91004DA414 /* Build configuration list for PBXProject "TinkoffChat" */ = {
			isa = XCConfigurationList;
			buildConfigurations = (
				5A49BF121E6D6A91004DA414 /* Debug */,
				5A49BF131E6D6A91004DA414 /* Release */,
			);
			defaultConfigurationIsVisible = 0;
			defaultConfigurationName = Release;
		};
		5A49BF141E6D6A91004DA414 /* Build configuration list for PBXNativeTarget "TinkoffChat" */ = {
			isa = XCConfigurationList;
			buildConfigurations = (
				5A49BF151E6D6A91004DA414 /* Debug */,
				5A49BF161E6D6A91004DA414 /* Release */,
			);
			defaultConfigurationIsVisible = 0;
			defaultConfigurationName = Release;
		};
/* End XCConfigurationList section */

/* Begin XCVersionGroup section */
		5A79ADFC1EB87A0200713D94 /* Model.xcdatamodeld */ = {
			isa = XCVersionGroup;
			children = (
				5A79ADFD1EB87A0200713D94 /* Model.xcdatamodel */,
			);
			currentVersion = 5A79ADFD1EB87A0200713D94 /* Model.xcdatamodel */;
			path = Model.xcdatamodeld;
			sourceTree = "<group>";
			versionGroupType = wrapper.xcdatamodel;
		};
/* End XCVersionGroup section */
	};
	rootObject = 5A49BEFA1E6D6A91004DA414 /* Project object */;
}
